
Microsoft Visual Studio Solution File, Format Version 12.00
# Visual Studio Version 17
VisualStudioVersion = 17.7.34009.444
MinimumVisualStudioVersion = 10.0.40219.1
Project("{FAE04EC0-301F-11D3-BF4B-00C04F79EFBC}") = "CrudOperation.API", "CrudOperation.API\CrudOperation.API.csproj", "{FF5C2F55-8719-4B02-9CA2-150A54B3FE8C}"
EndProject
Global
	GlobalSection(SolutionConfigurationPlatforms) = preSolution
		Debug|Any CPU = Debug|Any CPU
		Release|Any CPU = Release|Any CPU
	EndGlobalSection
	GlobalSection(ProjectConfigurationPlatforms) = postSolution
		{FF5C2F55-8719-4B02-9CA2-150A54B3FE8C}.Debug|Any CPU.ActiveCfg = Debug|Any CPU
		{FF5C2F55-8719-4B02-9CA2-150A54B3FE8C}.Debug|Any CPU.Build.0 = Debug|Any CPU
		{FF5C2F55-8719-4B02-9CA2-150A54B3FE8C}.Release|Any CPU.ActiveCfg = Release|Any CPU
		{FF5C2F55-8719-4B02-9CA2-150A54B3FE8C}.Release|Any CPU.Build.0 = Release|Any CPU
	EndGlobalSection
	GlobalSection(SolutionProperties) = preSolution
		HideSolutionNode = FALSE
	EndGlobalSection
	GlobalSection(ExtensibilityGlobals) = postSolution
		SolutionGuid = {E862501F-A41F-4CEF-AC16-9525903AFD3E}
	EndGlobalSection
EndGlobal
